# This file is automatically @generated by Cargo.
# It is not intended for manual editing.
version = 4

[[package]]
name = "mcf-bench"
version = "0.1.0-m0"
dependencies = [
 "mcf-core",
 "mcf-record",
 "mcf-serve",
]

[[package]]
name = "mcf-checks"
version = "0.1.0-m0"
dependencies = [
 "mcf-core",
 "mcf-lab",
]

[[package]]
name = "mcf-cli"
version = "0.1.0-m0"
dependencies = [
 "mcf-bench",
 "mcf-core",
 "mcf-hub",
 "mcf-lab",
 "mcf-record",
 "mcf-serve",
]

[[package]]
name = "mcf-core"
version = "0.1.0-m0"

[[package]]
name = "mcf-hub"
version = "0.1.0-m0"
dependencies = [
 "mcf-core",
 "mcf-record",
]

[[package]]
name = "mcf-lab"
version = "0.1.0-m0"
dependencies = [
 "mcf-core",
 "mcf-record",
]

[[package]]
name = "mcf-prototype-adversarial"
version = "0.1.0-m0"
dependencies = [
 "mcf-core",
]

[[package]]
name = "mcf-record"
version = "0.1.0-m0"
dependencies = [
 "mcf-core",
]

[[package]]
name = "mcf-serve"
version = "0.1.0-m0"
dependencies = [
 "mcf-core",
 "mcf-record",
]
